{
  "requires": true,
  "lockfileVersion": 1,
  "dependencies": {
    "accounting": {
      "version": "0.4.1",
      "resolved": "https://registry.npmjs.org/accounting/-/accounting-0.4.1.tgz",
      "integrity": "sha1-h91BA+/39EYPHhhvXGd+1s9WaIM="
    },
    "angular-imask": {
      "version": "4.1.3",
      "resolved": "https://registry.npmjs.org/angular-imask/-/angular-imask-4.1.3.tgz",
      "integrity": "sha512-0DH23g+JXJqKXBIi2Vhc2g2VgTzVuyACcMCmEhlWmRCeRxJEVCYvlyfZpxVF73mrQnPg/FC3lRka+DnmXdZqog==",
      "requires": {
        "imask": "^4.1.3"
      }
    },
    "angular-in-memory-web-api": {
      "version": "0.7.0",
      "resolved": "https://registry.npmjs.org/angular-in-memory-web-api/-/angular-in-memory-web-api-0.7.0.tgz",
      "integrity": "sha512-l3Dnn+gDtXIC9RwgJ0Y/+Ka9C037JFAIl5kes6HlWju+135Wg2XxhGAqJoUCQoY5jeiyplSv46lr+W09ydkD6w=="
    },
    "bootstrap": {
      "version": "4.1.3",
      "resolved": "https://registry.npmjs.org/bootstrap/-/bootstrap-4.1.3.tgz",
      "integrity": "sha512-rDFIzgXcof0jDyjNosjv4Sno77X4KuPeFxG2XZZv1/Kc8DRVGVADdoQyyOVDwPqL36DDmtCQbrpMCqvpPLJQ0w=="
    },
    "chart.js": {
      "version": "2.7.3",
      "resolved": "https://registry.npmjs.org/chart.js/-/chart.js-2.7.3.tgz",
      "integrity": "sha512-3+7k/DbR92m6BsMUYP6M0dMsMVZpMnwkUyNSAbqolHKsbIzH2Q4LWVEHHYq7v0fmEV8whXE0DrjANulw9j2K5g==",
      "requires": {
        "chartjs-color": "^2.1.0",
        "moment": "^2.10.2"
      }
    },
    "chartjs-color": {
      "version": "2.2.0",
      "resolved": "https://registry.npmjs.org/chartjs-color/-/chartjs-color-2.2.0.tgz",
      "integrity": "sha1-hKL7dVeH7YXDndbdjHsdiEKbrq4=",
      "requires": {
        "chartjs-color-string": "^0.5.0",
        "color-convert": "^0.5.3"
      }
    },
    "chartjs-color-string": {
      "version": "0.5.0",
      "resolved": "https://registry.npmjs.org/chartjs-color-string/-/chartjs-color-string-0.5.0.tgz",
      "integrity": "sha512-amWNvCOXlOUYxZVDSa0YOab5K/lmEhbFNKI55PWc4mlv28BDzA7zaoQTGxSBgJMHIW+hGX8YUrvw/FH4LyhwSQ==",
      "requires": {
        "color-name": "^1.0.0"
      }
    },
    "color-convert": {
      "version": "0.5.3",
      "resolved": "http://registry.npmjs.org/color-convert/-/color-convert-0.5.3.tgz",
      "integrity": "sha1-vbbGnOZg+t/+CwAHzER+G59ygr0="
    },
    "color-name": {
      "version": "1.1.4",
      "resolved": "https://registry.npmjs.org/color-name/-/color-name-1.1.4.tgz",
      "integrity": "sha512-dOy+3AuW3a2wNbZHIuMZpTcgjGuLU/uBL/ubcZF9OXbDo8ff4O8yVp5Bf0efS8uEoYo5q4Fx7dY9OgQGXgAsQA=="
    },
    "currency-formatter": {
      "version": "1.5.3",
      "resolved": "https://registry.npmjs.org/currency-formatter/-/currency-formatter-1.5.3.tgz",
      "integrity": "sha512-1n1w3ZVnFKK0uZC0QpJk7H+QL1tKB60YRuvaAXskmiSedJVlo7k6PqKT6FZTLEo1POMDm50n4igQKXgGyruTig==",
      "requires": {
        "accounting": "^0.4.1",
        "locale-currency": "0.0.2",
        "object-assign": "^4.1.1"
      }
    },
    "imask": {
      "version": "4.1.3",
      "resolved": "https://registry.npmjs.org/imask/-/imask-4.1.3.tgz",
      "integrity": "sha512-80lmstPqz0VnbtR8T93CbUnWX/groWnTAnBe4TguB3lPwtuqqYOF6JtA1x7+IY/hA+GQ0u4dJ1zvS8+rY4WAfA=="
    },
    "jquery": {
      "version": "3.3.1",
      "resolved": "https://registry.npmjs.org/jquery/-/jquery-3.3.1.tgz",
      "integrity": "sha512-Ubldcmxp5np52/ENotGxlLe6aGMvmF4R8S6tZjsP6Knsaxd/xp3Zrh50cG93lR6nPXyUFwzN3ZSOQI0wRJNdGg=="
    },
    "locale-currency": {
      "version": "0.0.2",
      "resolved": "https://registry.npmjs.org/locale-currency/-/locale-currency-0.0.2.tgz",
      "integrity": "sha1-4skGB1Y85HpZ+VWeRacOJOTbS20="
    },
    "moment": {
      "version": "2.23.0",
      "resolved": "https://registry.npmjs.org/moment/-/moment-2.23.0.tgz",
      "integrity": "sha512-3IE39bHVqFbWWaPOMHZF98Q9c3LDKGTmypMiTM2QygGXXElkFWIH7GxfmlwmY2vwa+wmNsoYZmG2iusf1ZjJoA=="
    },
    "object-assign": {
      "version": "4.1.1",
      "resolved": "https://registry.npmjs.org/object-assign/-/object-assign-4.1.1.tgz",
      "integrity": "sha1-IQmtx5ZYh8/AXLvUQsrIv7s2CGM="
    },
    "primeicons": {
      "version": "1.0.0",
      "resolved": "https://registry.npmjs.org/primeicons/-/primeicons-1.0.0.tgz",
      "integrity": "sha512-p/hzIjUVccW4eJPhuORHI3AUkDpqfvCQVrjxbFEejnTEdWY4C8fomVfjiaA9jCu83fSQnBHuRIGB96iAR8R6uA=="
    },
    "primeng": {
      "version": "7.0.3",
      "resolved": "https://registry.npmjs.org/primeng/-/primeng-7.0.3.tgz",
      "integrity": "sha512-WbC8ScwpFO6iSxiTm/FGRr0T1Q6PvmbIjSFChoA9YIGXVGFK1hCG3K0xhEMdStCdS237m8SKoFoq/jcuJCZIjA=="
    },
    "toastr": {
      "version": "2.1.4",
      "resolved": "https://registry.npmjs.org/toastr/-/toastr-2.1.4.tgz",
      "integrity": "sha1-i0O+ZPudDEFIcURvLbjoyk6V8YE=",
      "requires": {
        "jquery": ">=1.12.0"
      }
    }
  }
}
